
Microsoft Visual Studio Solution File, Format Version 12.00
# Visual Studio Version 16
VisualStudioVersion = 16.0.31729.503
MinimumVisualStudioVersion = 10.0.40219.1
Project("{00D1A9C2-B5F0-4AF3-8072-F6C62B433612}") = "ProjektIDHSSDT", "ProjektIDHSSDT\ProjektIDHSSDT.sqlproj", "{F9247A5F-8BF0-4515-8CDA-14EC424CAE00}"
EndProject
Project("{159641D6-6404-4A2A-AE62-294DE0FE8301}") = "ProjektIDHSSIS", "ProjektIDHSSIS\ProjektIDHSSIS.dtproj", "{32A64CB8-C390-44D8-918D-9CE278A0EF73}"
EndProject
Project("{D2ABAB84-BF74-430A-B69E-9DC6D40DDA17}") = "ProjektIDHSSAS", "ProjektIDHSSAS\ProjektIDHSSAS.dwproj", "{C41184A9-5241-4354-9CEC-800BA5BB79E4}"
EndProject
Project("{F14B399A-7131-4C87-9E4B-1186C45EF12D}") = "ProjektIDHSSRS", "ProjektIDHSSRS\ProjektIDHSSRS.rptproj", "{BE87244B-BCB7-46FA-B715-DA2C98C787C0}"
EndProject
Global
	GlobalSection(SolutionConfigurationPlatforms) = preSolution
		Debug|Any CPU = Debug|Any CPU
		DebugLocal|Any CPU = DebugLocal|Any CPU
		Development|Any CPU = Development|Any CPU
		Release|Any CPU = Release|Any CPU
	EndGlobalSection
	GlobalSection(ProjectConfigurationPlatforms) = postSolution
		{F9247A5F-8BF0-4515-8CDA-14EC424CAE00}.Debug|Any CPU.ActiveCfg = Debug|Any CPU
		{F9247A5F-8BF0-4515-8CDA-14EC424CAE00}.Debug|Any CPU.Build.0 = Debug|Any CPU
		{F9247A5F-8BF0-4515-8CDA-14EC424CAE00}.Debug|Any CPU.Deploy.0 = Debug|Any CPU
		{F9247A5F-8BF0-4515-8CDA-14EC424CAE00}.DebugLocal|Any CPU.ActiveCfg = Debug|Any CPU
		{F9247A5F-8BF0-4515-8CDA-14EC424CAE00}.DebugLocal|Any CPU.Build.0 = Debug|Any CPU
		{F9247A5F-8BF0-4515-8CDA-14EC424CAE00}.DebugLocal|Any CPU.Deploy.0 = Debug|Any CPU
		{F9247A5F-8BF0-4515-8CDA-14EC424CAE00}.Development|Any CPU.ActiveCfg = Debug|Any CPU
		{F9247A5F-8BF0-4515-8CDA-14EC424CAE00}.Development|Any CPU.Build.0 = Debug|Any CPU
		{F9247A5F-8BF0-4515-8CDA-14EC424CAE00}.Development|Any CPU.Deploy.0 = Debug|Any CPU
		{F9247A5F-8BF0-4515-8CDA-14EC424CAE00}.Release|Any CPU.ActiveCfg = Release|Any CPU
		{F9247A5F-8BF0-4515-8CDA-14EC424CAE00}.Release|Any CPU.Build.0 = Release|Any CPU
		{F9247A5F-8BF0-4515-8CDA-14EC424CAE00}.Release|Any CPU.Deploy.0 = Release|Any CPU
		{32A64CB8-C390-44D8-918D-9CE278A0EF73}.Debug|Any CPU.ActiveCfg = Development
		{32A64CB8-C390-44D8-918D-9CE278A0EF73}.Debug|Any CPU.Build.0 = Development
		{32A64CB8-C390-44D8-918D-9CE278A0EF73}.DebugLocal|Any CPU.ActiveCfg = Development
		{32A64CB8-C390-44D8-918D-9CE278A0EF73}.DebugLocal|Any CPU.Build.0 = Development
		{32A64CB8-C390-44D8-918D-9CE278A0EF73}.Development|Any CPU.ActiveCfg = Development
		{32A64CB8-C390-44D8-918D-9CE278A0EF73}.Development|Any CPU.Build.0 = Development
		{32A64CB8-C390-44D8-918D-9CE278A0EF73}.Release|Any CPU.ActiveCfg = Development
		{32A64CB8-C390-44D8-918D-9CE278A0EF73}.Release|Any CPU.Build.0 = Development
		{C41184A9-5241-4354-9CEC-800BA5BB79E4}.Debug|Any CPU.ActiveCfg = Development
		{C41184A9-5241-4354-9CEC-800BA5BB79E4}.Debug|Any CPU.Build.0 = Development
		{C41184A9-5241-4354-9CEC-800BA5BB79E4}.Debug|Any CPU.Deploy.0 = Development
		{C41184A9-5241-4354-9CEC-800BA5BB79E4}.DebugLocal|Any CPU.ActiveCfg = Development
		{C41184A9-5241-4354-9CEC-800BA5BB79E4}.DebugLocal|Any CPU.Build.0 = Development
		{C41184A9-5241-4354-9CEC-800BA5BB79E4}.DebugLocal|Any CPU.Deploy.0 = Development
		{C41184A9-5241-4354-9CEC-800BA5BB79E4}.Development|Any CPU.ActiveCfg = Development
		{C41184A9-5241-4354-9CEC-800BA5BB79E4}.Development|Any CPU.Build.0 = Development
		{C41184A9-5241-4354-9CEC-800BA5BB79E4}.Development|Any CPU.Deploy.0 = Development
		{C41184A9-5241-4354-9CEC-800BA5BB79E4}.Release|Any CPU.ActiveCfg = Development
		{C41184A9-5241-4354-9CEC-800BA5BB79E4}.Release|Any CPU.Build.0 = Development
		{C41184A9-5241-4354-9CEC-800BA5BB79E4}.Release|Any CPU.Deploy.0 = Development
		{BE87244B-BCB7-46FA-B715-DA2C98C787C0}.Debug|Any CPU.ActiveCfg = Debug
		{BE87244B-BCB7-46FA-B715-DA2C98C787C0}.Debug|Any CPU.Build.0 = Debug
		{BE87244B-BCB7-46FA-B715-DA2C98C787C0}.Debug|Any CPU.Deploy.0 = Debug
		{BE87244B-BCB7-46FA-B715-DA2C98C787C0}.DebugLocal|Any CPU.ActiveCfg = DebugLocal
		{BE87244B-BCB7-46FA-B715-DA2C98C787C0}.DebugLocal|Any CPU.Build.0 = DebugLocal
		{BE87244B-BCB7-46FA-B715-DA2C98C787C0}.Development|Any CPU.ActiveCfg = Debug
		{BE87244B-BCB7-46FA-B715-DA2C98C787C0}.Development|Any CPU.Build.0 = Debug
		{BE87244B-BCB7-46FA-B715-DA2C98C787C0}.Development|Any CPU.Deploy.0 = Debug
		{BE87244B-BCB7-46FA-B715-DA2C98C787C0}.Release|Any CPU.ActiveCfg = Release
		{BE87244B-BCB7-46FA-B715-DA2C98C787C0}.Release|Any CPU.Build.0 = Release
		{BE87244B-BCB7-46FA-B715-DA2C98C787C0}.Release|Any CPU.Deploy.0 = Release
	EndGlobalSection
	GlobalSection(SolutionProperties) = preSolution
		HideSolutionNode = FALSE
	EndGlobalSection
	GlobalSection(ExtensibilityGlobals) = postSolution
		SolutionGuid = {1BA17D87-728F-4493-832A-70927DFA2339}
	EndGlobalSection
EndGlobal
